
Microsoft Visual Studio Solution File, Format Version 12.00
# Visual Studio Version 16
VisualStudioVersion = 16.0.29609.76
MinimumVisualStudioVersion = 10.0.40219.1
Project("{FAE04EC0-301F-11D3-BF4B-00C04F79EFBC}") = "ContosoUniversity", "ContosoUniversity\ContosoUniversity.csproj", "{7EB98775-E444-464A-8441-14A0E577C246}"
EndProject
Global
	GlobalSection(SolutionConfigurationPlatforms) = preSolution
		Debug|Any CPU = Debug|Any CPU
		Release|Any CPU = Release|Any CPU
	EndGlobalSection
	GlobalSection(ProjectConfigurationPlatforms) = postSolution
		{7EB98775-E444-464A-8441-14A0E577C246}.Debug|Any CPU.ActiveCfg = Debug|Any CPU
		{7EB98775-E444-464A-8441-14A0E577C246}.Debug|Any CPU.Build.0 = Debug|Any CPU
		{7EB98775-E444-464A-8441-14A0E577C246}.Release|Any CPU.ActiveCfg = Release|Any CPU
		{7EB98775-E444-464A-8441-14A0E577C246}.Release|Any CPU.Build.0 = Release|Any CPU
	EndGlobalSection
	GlobalSection(SolutionProperties) = preSolution
		HideSolutionNode = FALSE
	EndGlobalSection
	GlobalSection(ExtensibilityGlobals) = postSolution
		SolutionGuid = {760A1489-C3F2-48FF-9B0A-130D8C5024F2}
	EndGlobalSection
EndGlobal
